lockfileVersion: '9.0'

settings:
  autoInstallPeers: true
  excludeLinksFromLockfile: false

importers:
  .:
    dependencies:
      '@swc/core':
        specifier: ^1.15.18
        version: 1.15.18
      progress:
        specifier: ^2.0.3
        version: 2.0.3
    devDependencies:
      '@types/node':
        specifier: ^25.3.0
        version: 25.3.0
      '@types/progress':
        specifier: ^2.0.7
        version: 2.0.7
      husky:
        specifier: ^9.1.7
        version: 9.1.7
      overtake:
        specifier: ^1.3.1
        version: 1.3.1
      prettier:
        specifier: ^3.8.1
        version: 3.8.1
      pretty-quick:
        specifier: ^4.2.2
        version: 4.2.2(prettier@3.8.1)
      typescript:
        specifier: 5.9.3
        version: 5.9.3

packages:
  '@pkgr/core@0.2.9':
    resolution: { integrity: sha512-QNqXyfVS2wm9hweSYD2O7F0G06uurj9kZ96TRQE5Y9hU7+tgdZwIkbAKc5Ocy1HxEY2kuDQa6cQ1WRs/O5LFKA== }
    engines: { node: ^12.20.0 || ^14.18.0 || >=16.0.0 }

  '@swc/core-darwin-arm64@1.15.18':
    resolution: { integrity: sha512-+mIv7uBuSaywN3C9LNuWaX1jJJ3SKfiJuE6Lr3bd+/1Iv8oMU7oLBjYMluX1UrEPzwN2qCdY6Io0yVicABoCwQ== }
    engines: { node: '>=10' }
    cpu: [arm64]
    os: [darwin]

  '@swc/core-darwin-x64@1.15.18':
    resolution: { integrity: sha512-wZle0eaQhnzxWX5V/2kEOI6Z9vl/lTFEC6V4EWcn+5pDjhemCpQv9e/TDJ0GIoiClX8EDWRvuZwh+Z3dhL1NAg== }
    engines: { node: '>=10' }
    cpu: [x64]
    os: [darwin]

  '@swc/core-linux-arm-gnueabihf@1.15.18':
    resolution: { integrity: sha512-ao61HGXVqrJFHAcPtF4/DegmwEkVCo4HApnotLU8ognfmU8x589z7+tcf3hU+qBiU1WOXV5fQX6W9Nzs6hjxDw== }
    engines: { node: '>=10' }
    cpu: [arm]
    os: [linux]

  '@swc/core-linux-arm64-gnu@1.15.18':
    resolution: { integrity: sha512-3xnctOBLIq3kj8PxOCgPrGjBLP/kNOddr6f5gukYt/1IZxsITQaU9TDyjeX6jG+FiCIHjCuWuffsyQDL5Ew1bg== }
    engines: { node: '>=10' }
    cpu: [arm64]
    os: [linux]
    libc: [glibc]

  '@swc/core-linux-arm64-musl@1.15.18':
    resolution: { integrity: sha512-0a+Lix+FSSHBSBOA0XznCcHo5/1nA6oLLjcnocvzXeqtdjnPb+SvchItHI+lfeiuj1sClYPDvPMLSLyXFaiIKw== }
    engines: { node: '>=10' }
    cpu: [arm64]
    os: [linux]
    libc: [musl]

  '@swc/core-linux-x64-gnu@1.15.18':
    resolution: { integrity: sha512-wG9J8vReUlpaHz4KOD/5UE1AUgirimU4UFT9oZmupUDEofxJKYb1mTA/DrMj0s78bkBiNI+7Fo2EgPuvOJfuAA== }
    engines: { node: '>=10' }
    cpu: [x64]
    os: [linux]
    libc: [glibc]

  '@swc/core-linux-x64-musl@1.15.18':
    resolution: { integrity: sha512-4nwbVvCphKzicwNWRmvD5iBaZj8JYsRGa4xOxJmOyHlMDpsvvJ2OR2cODlvWyGFH6BYL1MfIAK3qph3hp0Az6g== }
    engines: { node: '>=10' }
    cpu: [x64]
    os: [linux]
    libc: [musl]

  '@swc/core-win32-arm64-msvc@1.15.18':
    resolution: { integrity: sha512-zk0RYO+LjiBCat2RTMHzAWaMky0cra9loH4oRrLKLLNuL+jarxKLFDA8xTZWEkCPLjUTwlRN7d28eDLLMgtUcQ== }
    engines: { node: '>=10' }
    cpu: [arm64]
    os: [win32]

  '@swc/core-win32-ia32-msvc@1.15.18':
    resolution: { integrity: sha512-yVuTrZ0RccD5+PEkpcLOBAuPbYBXS6rslENvIXfvJGXSdX5QGi1ehC4BjAMl5FkKLiam4kJECUI0l7Hq7T1vwg== }
    engines: { node: '>=10' }
    cpu: [ia32]
    os: [win32]

  '@swc/core-win32-x64-msvc@1.15.18':
    resolution: { integrity: sha512-7NRmE4hmUQNCbYU3Hn9Tz57mK9Qq4c97ZS+YlamlK6qG9Fb5g/BB3gPDe0iLlJkns/sYv2VWSkm8c3NmbEGjbg== }
    engines: { node: '>=10' }
    cpu: [x64]
    os: [win32]

  '@swc/core@1.15.18':
    resolution: { integrity: sha512-z87aF9GphWp//fnkRsqvtY+inMVPgYW3zSlXH1kJFvRT5H/wiAn+G32qW5l3oEk63KSF1x3Ov0BfHCObAmT8RA== }
    engines: { node: '>=10' }
    peerDependencies:
      '@swc/helpers': '>=0.5.17'
    peerDependenciesMeta:
      '@swc/helpers':
        optional: true

  '@swc/counter@0.1.3':
    resolution: { integrity: sha512-e2BR4lsJkkRlKZ/qCHPw9ZaSxc0MVUd7gtbtaB7aMvHeJVYe8sOB8DBZkP2DtISHGSku9sCK6T6cnY0CtXrOCQ== }

  '@swc/types@0.1.25':
    resolution: { integrity: sha512-iAoY/qRhNH8a/hBvm3zKj9qQ4oc2+3w1unPJa2XvTK3XjeLXtzcCingVPw/9e5mn1+0yPqxcBGp9Jf0pkfMb1g== }

  '@types/node@25.3.0':
    resolution: { integrity: sha512-4K3bqJpXpqfg2XKGK9bpDTc6xO/xoUP/RBWS7AtRMug6zZFaRekiLzjVtAoZMquxoAbzBvy5nxQ7veS5eYzf8A== }

  '@types/progress@2.0.7':
    resolution: { integrity: sha512-iadjw02vte8qWx7U0YM++EybBha2CQLPGu9iJ97whVgJUT5Zq9MjAPYUnbfRI2Kpehimf1QjFJYxD0t8nqzu5w== }

  async@3.2.6:
    resolution: { integrity: sha512-htCUDlxyyCLMgaM3xXg0C0LW2xqfuQ6p05pCEIsXuyQ+a1koYKTuBMzRNwmybfLgvJDMd0r1LTn4+E0Ti6C2AA== }

  balanced-match@4.0.3:
    resolution: { integrity: sha512-1pHv8LX9CpKut1Zp4EXey7Z8OfH11ONNH6Dhi2WDUt31VVZFXZzKwXcysBgqSumFCmR+0dqjMK5v5JiFHzi0+g== }
    engines: { node: 20 || >=22 }

  brace-expansion@5.0.2:
    resolution: { integrity: sha512-Pdk8c9poy+YhOgVWw1JNN22/HcivgKWwpxKq04M/jTmHyCZn12WPJebZxdjSa5TmBqISrUSgNYU3eRORljfCCw== }
    engines: { node: 20 || >=22 }

  commander@14.0.3:
    resolution: { integrity: sha512-H+y0Jo/T1RZ9qPP4Eh1pkcQcLRglraJaSLoyOtHxu6AapkjWVCy2Sit1QQ4x3Dng8qDlSsZEet7g5Pq06MvTgw== }
    engines: { node: '>=20' }

  glob@13.0.6:
    resolution: { integrity: sha512-Wjlyrolmm8uDpm/ogGyXZXb1Z+Ca2B8NbJwqBVg0axK9GbBeoS7yGV6vjXnYdGm6X53iehEuxxbyiKp8QmN4Vw== }
    engines: { node: 18 || 20 || >=22 }

  husky@9.1.7:
    resolution: { integrity: sha512-5gs5ytaNjBrh5Ow3zrvdUUY+0VxIuWVL4i9irt6friV+BqdCfmV11CQTWMiBYWHbXhco+J1kHfTOUkePhCDvMA== }
    engines: { node: '>=18' }
    hasBin: true

  ignore@7.0.5:
    resolution: { integrity: sha512-Hs59xBNfUIunMFgWAbGX5cq6893IbWg4KnrjbYwX3tx0ztorVgTDA6B2sxf8ejHJ4wz8BqGUMYlnzNBer5NvGg== }
    engines: { node: '>= 4' }

  lru-cache@11.2.6:
    resolution: { integrity: sha512-ESL2CrkS/2wTPfuend7Zhkzo2u0daGJ/A2VucJOgQ/C48S/zB8MMeMHSGKYpXhIjbPxfuezITkaBH1wqv00DDQ== }
    engines: { node: 20 || >=22 }

  minimatch@10.2.2:
    resolution: { integrity: sha512-+G4CpNBxa5MprY+04MbgOw1v7So6n5JY166pFi9KfYwT78fxScCeSNQSNzp6dpPSW2rONOps6Ocam1wFhCgoVw== }
    engines: { node: 18 || 20 || >=22 }

  minipass@7.1.3:
    resolution: { integrity: sha512-tEBHqDnIoM/1rXME1zgka9g6Q2lcoCkxHLuc7ODJ5BxbP5d4c2Z5cGgtXAku59200Cx7diuHTOYfSBD8n6mm8A== }
    engines: { node: '>=16 || 14 >=14.17' }

  mri@1.2.0:
    resolution: { integrity: sha512-tzzskb3bG8LvYGFF/mDTpq3jpI6Q9wc3LEmBaghu+DdCssd1FakN7Bc0hVNmEyGq1bq3RgfkCb3cmQLpNPOroA== }
    engines: { node: '>=4' }

  overtake@1.3.1:
    resolution: { integrity: sha512-mNbSqHEGkNVekyWixQyzzHovsmnQjRAuB6mo4BC6BW4P7njIo5x3sM1RqHWhMWsocdvhuwvhqU5V6N5/pwFVFQ== }
    engines: { node: '>=22' }
    hasBin: true

  path-scurry@2.0.2:
    resolution: { integrity: sha512-3O/iVVsJAPsOnpwWIeD+d6z/7PmqApyQePUtCndjatj/9I5LylHvt5qluFaBT3I5h3r1ejfR056c+FCv+NnNXg== }
    engines: { node: 18 || 20 || >=22 }

  picocolors@1.1.1:
    resolution: { integrity: sha512-xceH2snhtb5M9liqDsmEw56le376mTZkEX/jEb/RxNFyegNul7eNslCXP9FDj/Lcu0X8KEyMceP2ntpaHrDEVA== }

  picomatch@4.0.3:
    resolution: { integrity: sha512-5gTmgEY/sqK6gFXLIsQNH19lWb4ebPDLA4SdLP7dsWkIXHWlG66oPuVvXSGFPppYZz8ZDZq0dYYrbHfBCVUb1Q== }
    engines: { node: '>=12' }

  prettier@3.8.1:
    resolution: { integrity: sha512-UOnG6LftzbdaHZcKoPFtOcCKztrQ57WkHDeRD9t/PTQtmT0NHSeWWepj6pS0z/N7+08BHFDQVUrfmfMRcZwbMg== }
    engines: { node: '>=14' }
    hasBin: true

  pretty-quick@4.2.2:
    resolution: { integrity: sha512-uAh96tBW1SsD34VhhDmWuEmqbpfYc/B3j++5MC/6b3Cb8Ow7NJsvKFhg0eoGu2xXX+o9RkahkTK6sUdd8E7g5w== }
    engines: { node: '>=14' }
    hasBin: true
    peerDependencies:
      prettier: ^3.0.0

  progress@2.0.3:
    resolution: { integrity: sha512-7PiHtLll5LdnKIMw100I+8xJXR5gW2QwWYkT6iJva0bXitZKa/XMrSbdmg3r2Xnaidz9Qumd0VPaMrZlF9V9sA== }
    engines: { node: '>=0.4.0' }

  tinyexec@0.3.2:
    resolution: { integrity: sha512-KQQR9yN7R5+OSwaK0XQoj22pwHoTlgYqmUscPYoknOoWCWfj/5/ABTMRi69FrKU5ffPVh5QcFikpWJI/P1ocHA== }

  tslib@2.8.1:
    resolution: { integrity: sha512-oJFu94HQb+KVduSUQL7wnpmqnfmLsOA/nAh6b6EH0wCEoK0/mPeXU6c3wKDV83MkOuHPRHtSXKKU99IBazS/2w== }

  typescript@5.9.3:
    resolution: { integrity: sha512-jl1vZzPDinLr9eUt3J/t7V6FgNEw9QjvBPdysz9KfQDD41fQrC2Y4vKQdiaUpFT4bXlb1RHhLpp8wtm6M5TgSw== }
    engines: { node: '>=14.17' }
    hasBin: true

  undici-types@7.18.2:
    resolution: { integrity: sha512-AsuCzffGHJybSaRrmr5eHr81mwJU3kjw6M+uprWvCXiNeN9SOGwQ3Jn8jb8m3Z6izVgknn1R0FTCEAP2QrLY/w== }

snapshots:
  '@pkgr/core@0.2.9': {}

  '@swc/core-darwin-arm64@1.15.18':
    optional: true

  '@swc/core-darwin-x64@1.15.18':
    optional: true

  '@swc/core-linux-arm-gnueabihf@1.15.18':
    optional: true

  '@swc/core-linux-arm64-gnu@1.15.18':
    optional: true

  '@swc/core-linux-arm64-musl@1.15.18':
    optional: true

  '@swc/core-linux-x64-gnu@1.15.18':
    optional: true

  '@swc/core-linux-x64-musl@1.15.18':
    optional: true

  '@swc/core-win32-arm64-msvc@1.15.18':
    optional: true

  '@swc/core-win32-ia32-msvc@1.15.18':
    optional: true

  '@swc/core-win32-x64-msvc@1.15.18':
    optional: true

  '@swc/core@1.15.18':
    dependencies:
      '@swc/counter': 0.1.3
      '@swc/types': 0.1.25
    optionalDependencies:
      '@swc/core-darwin-arm64': 1.15.18
      '@swc/core-darwin-x64': 1.15.18
      '@swc/core-linux-arm-gnueabihf': 1.15.18
      '@swc/core-linux-arm64-gnu': 1.15.18
      '@swc/core-linux-arm64-musl': 1.15.18
      '@swc/core-linux-x64-gnu': 1.15.18
      '@swc/core-linux-x64-musl': 1.15.18
      '@swc/core-win32-arm64-msvc': 1.15.18
      '@swc/core-win32-ia32-msvc': 1.15.18
      '@swc/core-win32-x64-msvc': 1.15.18

  '@swc/counter@0.1.3': {}

  '@swc/types@0.1.25':
    dependencies:
      '@swc/counter': 0.1.3

  '@types/node@25.3.0':
    dependencies:
      undici-types: 7.18.2

  '@types/progress@2.0.7':
    dependencies:
      '@types/node': 25.3.0

  async@3.2.6: {}

  balanced-match@4.0.3: {}

  brace-expansion@5.0.2:
    dependencies:
      balanced-match: 4.0.3

  commander@14.0.3: {}

  glob@13.0.6:
    dependencies:
      minimatch: 10.2.2
      minipass: 7.1.3
      path-scurry: 2.0.2

  husky@9.1.7: {}

  ignore@7.0.5: {}

  lru-cache@11.2.6: {}

  minimatch@10.2.2:
    dependencies:
      brace-expansion: 5.0.2

  minipass@7.1.3: {}

  mri@1.2.0: {}

  overtake@1.3.1:
    dependencies:
      '@swc/core': 1.15.18
      async: 3.2.6
      commander: 14.0.3
      glob: 13.0.6
      progress: 2.0.3
    transitivePeerDependencies:
      - '@swc/helpers'

  path-scurry@2.0.2:
    dependencies:
      lru-cache: 11.2.6
      minipass: 7.1.3

  picocolors@1.1.1: {}

  picomatch@4.0.3: {}

  prettier@3.8.1: {}

  pretty-quick@4.2.2(prettier@3.8.1):
    dependencies:
      '@pkgr/core': 0.2.9
      ignore: 7.0.5
      mri: 1.2.0
      picocolors: 1.1.1
      picomatch: 4.0.3
      prettier: 3.8.1
      tinyexec: 0.3.2
      tslib: 2.8.1

  progress@2.0.3: {}

  tinyexec@0.3.2: {}

  tslib@2.8.1: {}

  typescript@5.9.3: {}

  undici-types@7.18.2: {}
